
Microsoft Visual Studio Solution File, Format Version 12.00
# Visual Studio Version 16
VisualStudioVersion = 16.0.31313.79
MinimumVisualStudioVersion = 10.0.40219.1
Project("{FAE04EC0-301F-11D3-BF4B-00C04F79EFBC}") = "SistemasUmg", "SistemasUmg.csproj", "{89F983C9-0579-4EF8-8F44-AE3B8BA88411}"
EndProject
Global
	GlobalSection(SolutionConfigurationPlatforms) = preSolution
		Debug|Any CPU = Debug|Any CPU
		Release|Any CPU = Release|Any CPU
	EndGlobalSection
	GlobalSection(ProjectConfigurationPlatforms) = postSolution
		{89F983C9-0579-4EF8-8F44-AE3B8BA88411}.Debug|Any CPU.ActiveCfg = Debug|Any CPU
		{89F983C9-0579-4EF8-8F44-AE3B8BA88411}.Debug|Any CPU.Build.0 = Debug|Any CPU
		{89F983C9-0579-4EF8-8F44-AE3B8BA88411}.Release|Any CPU.ActiveCfg = Release|Any CPU
		{89F983C9-0579-4EF8-8F44-AE3B8BA88411}.Release|Any CPU.Build.0 = Release|Any CPU
	EndGlobalSection
	GlobalSection(SolutionProperties) = preSolution
		HideSolutionNode = FALSE
	EndGlobalSection
	GlobalSection(ExtensibilityGlobals) = postSolution
		SolutionGuid = {BB26694F-A63B-4970-BF5F-AE7679E6D76B}
	EndGlobalSection
EndGlobal
